
Microsoft Visual Studio Solution File, Format Version 12.00
# Visual Studio Version 17
VisualStudioVersion = 17.11.35303.130
MinimumVisualStudioVersion = 10.0.40219.1
Project("{FAE04EC0-301F-11D3-BF4B-00C04F79EFBC}") = "HopeBank", "HopeBank\HopeBank.csproj", "{F1737720-17A7-4F92-90D6-2C0817393967}"
EndProject
Global
	GlobalSection(SolutionConfigurationPlatforms) = preSolution
		Debug|Any CPU = Debug|Any CPU
		Release|Any CPU = Release|Any CPU
	EndGlobalSection
	GlobalSection(ProjectConfigurationPlatforms) = postSolution
		{F1737720-17A7-4F92-90D6-2C0817393967}.Debug|Any CPU.ActiveCfg = Debug|Any CPU
		{F1737720-17A7-4F92-90D6-2C0817393967}.Debug|Any CPU.Build.0 = Debug|Any CPU
		{F1737720-17A7-4F92-90D6-2C0817393967}.Release|Any CPU.ActiveCfg = Release|Any CPU
		{F1737720-17A7-4F92-90D6-2C0817393967}.Release|Any CPU.Build.0 = Release|Any CPU
	EndGlobalSection
	GlobalSection(SolutionProperties) = preSolution
		HideSolutionNode = FALSE
	EndGlobalSection
	GlobalSection(ExtensibilityGlobals) = postSolution
		SolutionGuid = {ECF474E6-2626-43DE-A75B-F5828369A3EB}
	EndGlobalSection
EndGlobal
